
Microsoft Visual Studio Solution File, Format Version 12.00
# Visual Studio Version 17
VisualStudioVersion = 17.5.002.0
MinimumVisualStudioVersion = 10.0.40219.1
Project("{9A19103F-16F7-4668-BE54-9A1E7A4F7556}") = "DesafioProjetoHospedagem", "DesafioProjetoHospedagem.csproj", "{AFC5CB98-2184-44F0-8C8E-3384DCA44EBA}"
EndProject
Global
	GlobalSection(SolutionConfigurationPlatforms) = preSolution
		Debug|Any CPU = Debug|Any CPU
		Release|Any CPU = Release|Any CPU
	EndGlobalSection
	GlobalSection(ProjectConfigurationPlatforms) = postSolution
		{AFC5CB98-2184-44F0-8C8E-3384DCA44EBA}.Debug|Any CPU.ActiveCfg = Debug|Any CPU
		{AFC5CB98-2184-44F0-8C8E-3384DCA44EBA}.Debug|Any CPU.Build.0 = Debug|Any CPU
		{AFC5CB98-2184-44F0-8C8E-3384DCA44EBA}.Release|Any CPU.ActiveCfg = Release|Any CPU
		{AFC5CB98-2184-44F0-8C8E-3384DCA44EBA}.Release|Any CPU.Build.0 = Release|Any CPU
	EndGlobalSection
	GlobalSection(SolutionProperties) = preSolution
		HideSolutionNode = FALSE
	EndGlobalSection
	GlobalSection(ExtensibilityGlobals) = postSolution
		SolutionGuid = {15E6FA37-59AC-4FEC-9F4A-577006B5F485}
	EndGlobalSection
EndGlobal
